
Microsoft Visual Studio Solution File, Format Version 12.00
# Visual Studio Version 17
VisualStudioVersion = 17.9.34728.123
MinimumVisualStudioVersion = 10.0.40219.1
Project("{FAE04EC0-301F-11D3-BF4B-00C04F79EFBC}") = "PrjFarmacia", "PrjFarmacia.csproj", "{A2EFBDCD-3F24-429B-A9BA-E1675F5AEFBA}"
EndProject
Global
	GlobalSection(SolutionConfigurationPlatforms) = preSolution
		Debug|Any CPU = Debug|Any CPU
		Release|Any CPU = Release|Any CPU
	EndGlobalSection
	GlobalSection(ProjectConfigurationPlatforms) = postSolution
		{A2EFBDCD-3F24-429B-A9BA-E1675F5AEFBA}.Debug|Any CPU.ActiveCfg = Debug|Any CPU
		{A2EFBDCD-3F24-429B-A9BA-E1675F5AEFBA}.Debug|Any CPU.Build.0 = Debug|Any CPU
		{A2EFBDCD-3F24-429B-A9BA-E1675F5AEFBA}.Release|Any CPU.ActiveCfg = Release|Any CPU
		{A2EFBDCD-3F24-429B-A9BA-E1675F5AEFBA}.Release|Any CPU.Build.0 = Release|Any CPU
	EndGlobalSection
	GlobalSection(SolutionProperties) = preSolution
		HideSolutionNode = FALSE
	EndGlobalSection
	GlobalSection(ExtensibilityGlobals) = postSolution
		SolutionGuid = {F0763320-E3BA-4551-B473-7043A585AE2F}
	EndGlobalSection
EndGlobal
